
Microsoft Visual Studio Solution File, Format Version 12.00
# Visual Studio Version 17
VisualStudioVersion = 17.8.34330.188
MinimumVisualStudioVersion = 10.0.40219.1
Project("{FAE04EC0-301F-11D3-BF4B-00C04F79EFBC}") = "JokesWebApp", "JokesWebApp.csproj", "{2EF33B67-823D-4961-9A09-18468375B93C}"
EndProject
Global
	GlobalSection(SolutionConfigurationPlatforms) = preSolution
		Debug|Any CPU = Debug|Any CPU
		Release|Any CPU = Release|Any CPU
	EndGlobalSection
	GlobalSection(ProjectConfigurationPlatforms) = postSolution
		{2EF33B67-823D-4961-9A09-18468375B93C}.Debug|Any CPU.ActiveCfg = Debug|Any CPU
		{2EF33B67-823D-4961-9A09-18468375B93C}.Debug|Any CPU.Build.0 = Debug|Any CPU
		{2EF33B67-823D-4961-9A09-18468375B93C}.Release|Any CPU.ActiveCfg = Release|Any CPU
		{2EF33B67-823D-4961-9A09-18468375B93C}.Release|Any CPU.Build.0 = Release|Any CPU
	EndGlobalSection
	GlobalSection(SolutionProperties) = preSolution
		HideSolutionNode = FALSE
	EndGlobalSection
	GlobalSection(ExtensibilityGlobals) = postSolution
		SolutionGuid = {F76A7DC1-4E24-4C86-A2C7-9BC34DEF8720}
	EndGlobalSection
EndGlobal
